
Microsoft Visual Studio Solution File, Format Version 12.00
# Visual Studio Version 17
VisualStudioVersion = 17.2.32526.322
MinimumVisualStudioVersion = 10.0.40219.1
Project("{9A19103F-16F7-4668-BE54-9A1E7A4F7556}") = "DanceDanceRotationModule", "DanceDanceRotationModule.csproj", "{71347BB8-D1B0-450D-84B2-48F7D5A35993}"
EndProject
Global
	GlobalSection(SolutionConfigurationPlatforms) = preSolution
		Debug|Any CPU = Debug|Any CPU
		Release|Any CPU = Release|Any CPU
	EndGlobalSection
	GlobalSection(ProjectConfigurationPlatforms) = postSolution
		{71347BB8-D1B0-450D-84B2-48F7D5A35993}.Debug|Any CPU.ActiveCfg = Debug|Any CPU
		{71347BB8-D1B0-450D-84B2-48F7D5A35993}.Debug|Any CPU.Build.0 = Debug|Any CPU
		{71347BB8-D1B0-450D-84B2-48F7D5A35993}.Release|Any CPU.ActiveCfg = Release|Any CPU
		{71347BB8-D1B0-450D-84B2-48F7D5A35993}.Release|Any CPU.Build.0 = Release|Any CPU
	EndGlobalSection
	GlobalSection(SolutionProperties) = preSolution
		HideSolutionNode = FALSE
	EndGlobalSection
	GlobalSection(ExtensibilityGlobals) = postSolution
		SolutionGuid = {8F948603-C7F5-4E6A-B100-ED526F446552}
	EndGlobalSection
EndGlobal
